{
  "name": "state-monad",
  "version": "1.0.0",
  "lockfileVersion": 1,
  "requires": true,
  "dependencies": {
    "crocks": {
      "version": "0.11.1",
      "resolved": "https://registry.npmjs.org/crocks/-/crocks-0.11.1.tgz",
      "integrity": "sha512-MSaMHvzKugK4iX97VzUty+bdhDN+3MVfGrllye/P7qKGeHnRU7/ich+j0YzIN3SP4cEIFnQplTuAat0c1pLiCg=="
    },
    "patchinko": {
      "version": "4.1.0",
      "resolved": "https://registry.npmjs.org/patchinko/-/patchinko-4.1.0.tgz",
      "integrity": "sha512-469ogc249b/nRygdGCgUZ5JeHOEWorc5Ty4KTUOJ4626jYfMK7IgZrBgCiosXhsmdkHKrbo4bIUVa3rVbAy8Cg=="
    },
    "ramda": {
      "version": "0.26.1",
      "resolved": "https://registry.npmjs.org/ramda/-/ramda-0.26.1.tgz",
      "integrity": "sha512-hLWjpy7EnsDBb0p+Z3B7rPi3GDeRG5ZtiI33kJhTt+ORCd38AbAIjB/9zRIUoeTbE/AVX5ZkU7m6bznsvrf8eQ=="
    }
  }
}
