{
  "name": "hello-sibilant",
  "version": "1.0.0",
  "lockfileVersion": 1,
  "requires": true,
  "dependencies": {
    "ansicolors": {
      "version": "0.2.1",
      "resolved": "https://registry.npmjs.org/ansicolors/-/ansicolors-0.2.1.tgz",
      "integrity": "sha1-vgiVmQl7dKXJxKhKDNvNtivYeu8=",
      "dev": true
    },
    "cardinal": {
      "version": "1.0.0",
      "resolved": "https://registry.npmjs.org/cardinal/-/cardinal-1.0.0.tgz",
      "integrity": "sha1-UOIcGwqjdyn5N33vGWtanOyTLuk=",
      "dev": true,
      "requires": {
        "ansicolors": "~0.2.1",
        "redeyed": "~1.0.0"
      }
    },
    "esprima": {
      "version": "3.0.0",
      "resolved": "https://registry.npmjs.org/esprima/-/esprima-3.0.0.tgz",
      "integrity": "sha1-U88kes2ncxPlUcOqLnM0LT+099k=",
      "dev": true
    },
    "mithril": {
      "version": "1.1.6",
      "resolved": "https://registry.npmjs.org/mithril/-/mithril-1.1.6.tgz",
      "integrity": "sha512-fWcUrQTCqu8M916rj1MFGlHaPh65rznPu6U/N2U9g81H89klDCIptSK5bnkNkC+jyi3sJIXjyGhSQjUnR8jzZA=="
    },
    "mithril-stream": {
      "version": "1.1.0",
      "resolved": "https://registry.npmjs.org/mithril-stream/-/mithril-stream-1.1.0.tgz",
      "integrity": "sha512-kb0NuJqUf92aWl03sd7FQFa+Phvk/9bdlM3qz1ZdHVxEiqm3GJN4zUV1NkNIhIVJumbT52fxe5C5bp+ovCbWOA=="
    },
    "redeyed": {
      "version": "1.0.1",
      "resolved": "https://registry.npmjs.org/redeyed/-/redeyed-1.0.1.tgz",
      "integrity": "sha1-6WwZO0DAgWsArshCaY5hGF5VSYo=",
      "dev": true,
      "requires": {
        "esprima": "~3.0.0"
      }
    },
    "sibilant": {
      "version": "0.5.5",
      "resolved": "https://registry.npmjs.org/sibilant/-/sibilant-0.5.5.tgz",
      "integrity": "sha1-2fmSyLt/p7UQfGKDXYcj5NtDtmk=",
      "dev": true,
      "requires": {
        "cardinal": ">=0.6.0",
        "source-map": ">=0.5.3",
        "source-map-support": ">=0.3.3"
      }
    },
    "source-map": {
      "version": "0.7.2",
      "resolved": "https://registry.npmjs.org/source-map/-/source-map-0.7.2.tgz",
      "integrity": "sha512-NDJB/R2BS7YJG0tP9SbE4DKwKj1idLT5RJqfVYZ7dreFX7wulZT3xxVhbYKrQo9n0JkRptl51TrX/5VK3HodMA==",
      "dev": true
    },
    "source-map-support": {
      "version": "0.5.3",
      "resolved": "https://registry.npmjs.org/source-map-support/-/source-map-support-0.5.3.tgz",
      "integrity": "sha512-eKkTgWYeBOQqFGXRfKabMFdnWepo51vWqEdoeikaEPFiJC7MCU5j2h4+6Q8npkZTeLGbSyecZvRxiSoWl3rh+w==",
      "dev": true,
      "requires": {
        "source-map": "^0.6.0"
      },
      "dependencies": {
        "source-map": {
          "version": "0.6.1",
          "resolved": "https://registry.npmjs.org/source-map/-/source-map-0.6.1.tgz",
          "integrity": "sha512-UjgapumWlbMhkBgzT7Ykc5YXUT46F0iKu8SGXq0bcwP5dz/h0Plj6enJqjz1Zbq2l5WaqYnrVbwWOWMyF3F47g==",
          "dev": true
        }
      }
    }
  }
}
